<?xml version="1.0" encoding="utf-8"?>
<Project ToolsVersion="4.0" xmlns="http://schemas.microsoft.com/developer/msbuild/2003">
  <ItemGroup>
    <Filter Include="Source Files">
      <UniqueIdentifier>{4FC737F1-C7A5-4376-A066-2A32D752A2FF}</UniqueIdentifier>
      <Extensions>cpp;c;cc;cxx;c++;cppm;ixx;def;odl;idl;hpj;bat;asm;asmx</Extensions>
    </Filter>
    <Filter Include="Header Files">
      <UniqueIdentifier>{93995380-89BD-4b04-88EB-625FBE52EBFB}</UniqueIdentifier>
      <Extensions>h;hh;hpp;hxx;h++;hm;inl;inc;ipp;xsd</Extensions>
    </Filter>
    <Filter Include="Resource Files">
      <UniqueIdentifier>{67DA6AB6-F800-4c08-8B7A-83BB121AAD01}</UniqueIdentifier>
      <Extensions>rc;ico;cur;bmp;dlg;rc2;rct;bin;rgs;gif;jpg;jpeg;jpe;resx;tiff;tif;png;wav;mfcribbon-ms</Extensions>
    </Filter>
    <Filter Include="Media">
      <UniqueIdentifier>{fd94aff1-7048-4168-966a-088e42b11ed6}</UniqueIdentifier>
    </Filter>
    <Filter Include="Media\tex">
      <UniqueIdentifier>{98362b7c-e5db-4326-8cd6-cf5580e3bf6e}</UniqueIdentifier>
    </Filter>
    <Filter Include="Media\snd">
      <UniqueIdentifier>{9cfac4a7-36d7-48d8-a5ab-f9bad91e6846}</UniqueIdentifier>
    </Filter>
  </ItemGroup>
  <ItemGroup>
    <ClCompile Include="main.cpp">
      <Filter>Source Files</Filter>
    </ClCompile>
    <ClCompile Include="font.cpp">
      <Filter>Source Files</Filter>
    </ClCompile>
    <ClCompile Include="IntroScene.cpp">
      <Filter>Source Files</Filter>
    </ClCompile>
    <ClCompile Include="input.cpp">
      <Filter>Source Files</Filter>
    </ClCompile>
    <ClCompile Include="PlasmaScene.cpp">
      <Filter>Source Files</Filter>
    </ClCompile>
    <ClCompile Include="RingScene.cpp">
      <Filter>Source Files</Filter>
    </ClCompile>
    <ClCompile Include="music.cpp">
      <Filter>Source Files</Filter>
    </ClCompile>
    <ClCompile Include="GalaxyScene.cpp">
      <Filter>Source Files</Filter>
    </ClCompile>
    <ClCompile Include="UVRDXKScene.cpp">
      <Filter>Source Files</Filter>
    </ClCompile>
    <ClCompile Include="XScene.cpp">
      <Filter>Source Files</Filter>
    </ClCompile>
    <ClCompile Include="Credits.cpp">
      <Filter>Source Files</Filter>
    </ClCompile>
    <ClCompile Include="CubeScene.cpp">
      <Filter>Source Files</Filter>
    </ClCompile>
    <ClCompile Include="CityScene.cpp">
      <Filter>Source Files</Filter>
    </ClCompile>
    <ClCompile Include="DripScene.cpp">
      <Filter>Source Files</Filter>
    </ClCompile>
  </ItemGroup>
  <ItemGroup>
    <Text Include="Media\Copy Assets Here.txt">
      <Filter>Media</Filter>
    </Text>
  </ItemGroup>
  <ItemGroup>
    <ClInclude Include="font.h">
      <Filter>Header Files</Filter>
    </ClInclude>
    <ClInclude Include="IntroScene.h">
      <Filter>Header Files</Filter>
    </ClInclude>
    <ClInclude Include="input.h">
      <Filter>Header Files</Filter>
    </ClInclude>
    <ClInclude Include="PlasmaScene.h">
      <Filter>Header Files</Filter>
    </ClInclude>
    <ClInclude Include="RingScene.h">
      <Filter>Header Files</Filter>
    </ClInclude>
    <ClInclude Include="music.h">
      <Filter>Header Files</Filter>
    </ClInclude>
    <ClInclude Include="GalaxyScene.h">
      <Filter>Header Files</Filter>
    </ClInclude>
    <ClInclude Include="UVRXDKScene.h">
      <Filter>Header Files</Filter>
    </ClInclude>
    <ClInclude Include="XScene.h">
      <Filter>Header Files</Filter>
    </ClInclude>
    <ClInclude Include="Credits.h">
      <Filter>Header Files</Filter>
    </ClInclude>
    <ClInclude Include="CubeScene.h">
      <Filter>Header Files</Filter>
    </ClInclude>
    <ClInclude Include="CityScene.h">
      <Filter>Header Files</Filter>
    </ClInclude>
    <ClInclude Include="DripScene.h">
      <Filter>Header Files</Filter>
    </ClInclude>
  </ItemGroup>
  <ItemGroup>
    <Image Include="Media\galaxy\cloud_256.dds">
      <Filter>Media\tex</Filter>
    </Image>
    <Image Include="Media\metal.dds">
      <Filter>Media\tex</Filter>
    </Image>
    <Image Include="Media\tr.dds">
      <Filter>Media\tex</Filter>
    </Image>
    <Image Include="Media\xbs.dds">
      <Filter>Media\tex</Filter>
    </Image>
  </ItemGroup>
  <ItemGroup>
    <None Include="Media\idk.trm">
      <Filter>Media\snd</Filter>
    </None>
  </ItemGroup>
</Project>